
Microsoft Visual Studio Solution File, Format Version 12.00
# Visual Studio Version 18
VisualStudioVersion = 18.3.11520.95
MinimumVisualStudioVersion = 10.0.40219.1
Project("{FAE04EC0-301F-11D3-BF4B-00C04F79EFBC}") = "ProcDumpMonitor", "ProcDumpMonitor.csproj", "{2B523C54-CEE0-B747-2D79-677B4CFD8744}"
EndProject
Project("{2150E333-8FDC-42A3-9474-1A3956D46DE8}") = "tests", "tests", "{0AB3BF05-4346-4AA6-1389-037BE0695223}"
EndProject
Project("{FAE04EC0-301F-11D3-BF4B-00C04F79EFBC}") = "ProcDumpMonitor.Tests", "tests\ProcDumpMonitor.Tests\ProcDumpMonitor.Tests.csproj", "{6C6ACE6B-F8CE-4294-9638-F3410E967557}"
EndProject
Global
	GlobalSection(SolutionConfigurationPlatforms) = preSolution
		Debug|Any CPU = Debug|Any CPU
		Debug|x64 = Debug|x64
		Debug|x86 = Debug|x86
		Release|Any CPU = Release|Any CPU
		Release|x64 = Release|x64
		Release|x86 = Release|x86
	EndGlobalSection
	GlobalSection(ProjectConfigurationPlatforms) = postSolution
		{2B523C54-CEE0-B747-2D79-677B4CFD8744}.Debug|Any CPU.ActiveCfg = Debug|Any CPU
		{2B523C54-CEE0-B747-2D79-677B4CFD8744}.Debug|Any CPU.Build.0 = Debug|Any CPU
		{2B523C54-CEE0-B747-2D79-677B4CFD8744}.Debug|x64.ActiveCfg = Debug|Any CPU
		{2B523C54-CEE0-B747-2D79-677B4CFD8744}.Debug|x64.Build.0 = Debug|Any CPU
		{2B523C54-CEE0-B747-2D79-677B4CFD8744}.Debug|x86.ActiveCfg = Debug|Any CPU
		{2B523C54-CEE0-B747-2D79-677B4CFD8744}.Debug|x86.Build.0 = Debug|Any CPU
		{2B523C54-CEE0-B747-2D79-677B4CFD8744}.Release|Any CPU.ActiveCfg = Release|Any CPU
		{2B523C54-CEE0-B747-2D79-677B4CFD8744}.Release|Any CPU.Build.0 = Release|Any CPU
		{2B523C54-CEE0-B747-2D79-677B4CFD8744}.Release|x64.ActiveCfg = Release|Any CPU
		{2B523C54-CEE0-B747-2D79-677B4CFD8744}.Release|x64.Build.0 = Release|Any CPU
		{2B523C54-CEE0-B747-2D79-677B4CFD8744}.Release|x86.ActiveCfg = Release|Any CPU
		{2B523C54-CEE0-B747-2D79-677B4CFD8744}.Release|x86.Build.0 = Release|Any CPU
		{6C6ACE6B-F8CE-4294-9638-F3410E967557}.Debug|Any CPU.ActiveCfg = Debug|Any CPU
		{6C6ACE6B-F8CE-4294-9638-F3410E967557}.Debug|Any CPU.Build.0 = Debug|Any CPU
		{6C6ACE6B-F8CE-4294-9638-F3410E967557}.Debug|x64.ActiveCfg = Debug|Any CPU
		{6C6ACE6B-F8CE-4294-9638-F3410E967557}.Debug|x64.Build.0 = Debug|Any CPU
		{6C6ACE6B-F8CE-4294-9638-F3410E967557}.Debug|x86.ActiveCfg = Debug|Any CPU
		{6C6ACE6B-F8CE-4294-9638-F3410E967557}.Debug|x86.Build.0 = Debug|Any CPU
		{6C6ACE6B-F8CE-4294-9638-F3410E967557}.Release|Any CPU.ActiveCfg = Release|Any CPU
		{6C6ACE6B-F8CE-4294-9638-F3410E967557}.Release|Any CPU.Build.0 = Release|Any CPU
		{6C6ACE6B-F8CE-4294-9638-F3410E967557}.Release|x64.ActiveCfg = Release|Any CPU
		{6C6ACE6B-F8CE-4294-9638-F3410E967557}.Release|x64.Build.0 = Release|Any CPU
		{6C6ACE6B-F8CE-4294-9638-F3410E967557}.Release|x86.ActiveCfg = Release|Any CPU
		{6C6ACE6B-F8CE-4294-9638-F3410E967557}.Release|x86.Build.0 = Release|Any CPU
	EndGlobalSection
	GlobalSection(SolutionProperties) = preSolution
		HideSolutionNode = FALSE
	EndGlobalSection
	GlobalSection(NestedProjects) = preSolution
		{6C6ACE6B-F8CE-4294-9638-F3410E967557} = {0AB3BF05-4346-4AA6-1389-037BE0695223}
	EndGlobalSection
	GlobalSection(ExtensibilityGlobals) = postSolution
		SolutionGuid = {1D61CF84-39AF-411A-ADA9-1EB04B7357AD}
	EndGlobalSection
EndGlobal
